
Microsoft Visual Studio Solution File, Format Version 12.00
# Visual Studio Version 16
VisualStudioVersion = 16.0.31005.135
MinimumVisualStudioVersion = 10.0.40219.1
Project("{8BC9CEB8-8B4A-11D0-8D11-00A0C91BC942}") = "Projet", "Projet\Projet.vcxproj", "{7BABA35A-43D6-4ED2-828E-F660805453B5}"
EndProject
Global
	GlobalSection(SolutionConfigurationPlatforms) = preSolution
		Debug|x64 = Debug|x64
		Release|x64 = Release|x64
	EndGlobalSection
	GlobalSection(ProjectConfigurationPlatforms) = postSolution
		{7BABA35A-43D6-4ED2-828E-F660805453B5}.Debug|x64.ActiveCfg = Debug|x64
		{7BABA35A-43D6-4ED2-828E-F660805453B5}.Debug|x64.Build.0 = Debug|x64
		{7BABA35A-43D6-4ED2-828E-F660805453B5}.Release|x64.ActiveCfg = Release|x64
		{7BABA35A-43D6-4ED2-828E-F660805453B5}.Release|x64.Build.0 = Release|x64
	EndGlobalSection
	GlobalSection(SolutionProperties) = preSolution
		HideSolutionNode = FALSE
	EndGlobalSection
	GlobalSection(ExtensibilityGlobals) = postSolution
		SolutionGuid = {CB788338-F934-479D-9874-E3FA001220C1}
	EndGlobalSection
EndGlobal
